{
  "name": "vue-templat-compiler",
  "version": "1.0.0",
  "lockfileVersion": 1,
  "requires": true,
  "dependencies": {
    "de-indent": {
      "version": "1.0.2",
      "resolved": "http://36.133.33.128:4873/de-indent/-/de-indent-1.0.2.tgz",
      "integrity": "sha1-sgOOhG3DO6pXlhKNCAS0VbjB4h0="
    },
    "he": {
      "version": "1.2.0",
      "resolved": "http://36.133.33.128:4873/he/-/he-1.2.0.tgz",
      "integrity": "sha1-hK5l+n6vsWX922FWauFLrwVmTw8="
    },
    "vue-template-compiler": {
      "version": "2.7.8",
      "resolved": "http://36.133.33.128:4873/vue-template-compiler/-/vue-template-compiler-2.7.8.tgz",
      "integrity": "sha512-eQqdcUpJKJpBRPDdxCNsqUoT0edNvdt1jFjtVnVS/LPPmr0BU2jWzXlrf6BVMeODtdLewB3j8j3WjNiB+V+giw==",
      "requires": {
        "de-indent": "^1.0.2",
        "he": "^1.2.0"
      }
    }
  }
}
